
Microsoft Visual Studio Solution File, Format Version 12.00
# Visual Studio Version 17
VisualStudioVersion = 17.3.32901.215
MinimumVisualStudioVersion = 10.0.40219.1
Project("{8BC9CEB8-8B4A-11D0-8D11-00A0C91BC942}") = "Lab3", "Lab3\Lab3.vcxproj", "{FD20DCF6-8421-4B57-B81A-D1390B5594B1}"
EndProject
Global
	GlobalSection(SolutionConfigurationPlatforms) = preSolution
		Debug|x64 = Debug|x64
		Debug|x86 = Debug|x86
		Release|x64 = Release|x64
		Release|x86 = Release|x86
	EndGlobalSection
	GlobalSection(ProjectConfigurationPlatforms) = postSolution
		{FD20DCF6-8421-4B57-B81A-D1390B5594B1}.Debug|x64.ActiveCfg = Debug|x64
		{FD20DCF6-8421-4B57-B81A-D1390B5594B1}.Debug|x64.Build.0 = Debug|x64
		{FD20DCF6-8421-4B57-B81A-D1390B5594B1}.Debug|x86.ActiveCfg = Debug|Win32
		{FD20DCF6-8421-4B57-B81A-D1390B5594B1}.Debug|x86.Build.0 = Debug|Win32
		{FD20DCF6-8421-4B57-B81A-D1390B5594B1}.Release|x64.ActiveCfg = Release|x64
		{FD20DCF6-8421-4B57-B81A-D1390B5594B1}.Release|x64.Build.0 = Release|x64
		{FD20DCF6-8421-4B57-B81A-D1390B5594B1}.Release|x86.ActiveCfg = Release|Win32
		{FD20DCF6-8421-4B57-B81A-D1390B5594B1}.Release|x86.Build.0 = Release|Win32
	EndGlobalSection
	GlobalSection(SolutionProperties) = preSolution
		HideSolutionNode = FALSE
	EndGlobalSection
	GlobalSection(ExtensibilityGlobals) = postSolution
		SolutionGuid = {6ABDC404-8502-44E7-8E54-641A3F5D9523}
	EndGlobalSection
EndGlobal
